Microsoft Visual Studio Solution File, Format Version 12.00
# Visual Studio Version 17
VisualStudioVersion = 17.9.34723.18
MinimumVisualStudioVersion = 10.0.40219.1
Project("{2150E333-8FDC-42A3-9474-1A3956D46DE8}") = "Server", "Server", "{E2753C9D-9654-4FFD-9882-B59166B3CCBD}"
EndProject
Project("{9A19103F-16F7-4668-BE54-9A1E7A4F7556}") = "App", "Server\App\App.csproj", "{D7F2FD6F-9558-44D0-A44E-6F09A49C4CCD}"
EndProject
Project("{2150E333-8FDC-42A3-9474-1A3956D46DE8}") = "Client", "Client", "{82588E82-1FE2-450E-BAB3-440FC69D211C}"
EndProject
Project("{9A19103F-16F7-4668-BE54-9A1E7A4F7556}") = "WebClient", "Client\WebClient\WebClient.csproj", "{AEFE82E1-2B9E-48C5-B5F6-CD97CC4D8A52}"
EndProject
Project("{9A19103F-16F7-4668-BE54-9A1E7A4F7556}") = "Libraries", "Libraries\Libraries.csproj", "{987EB738-3916-4540-BB4E-6AD912FA72B2}"
EndProject
Project("{9A19103F-16F7-4668-BE54-9A1E7A4F7556}") = "MobileClient", "Client\MobileClient\MobileClient.csproj", "{541AD107-4189-40FC-8FB5-3AE613C0A0A9}"
	ProjectSection(ProjectDependencies) = postProject
		{987EB738-3916-4540-BB4E-6AD912FA72B2} = {987EB738-3916-4540-BB4E-6AD912FA72B2}
	EndProjectSection
EndProject
Project("{FAE04EC0-301F-11D3-BF4B-00C04F79EFBC}") = "MobileClient.Tests", "MobileClient.Tests\MobileClient.Tests.csproj", "{88B4BFED-6FE7-41F0-B73B-C31E715305DE}"
Project("{2150E333-8FDC-42A3-9474-1A3956D46DE8}") = "Backend.UnitTests", "Backend.UnitTests", "{4C5C5EF3-6D54-4533-A6DB-28D5817E7747}"
EndProject
Project("{2150E333-8FDC-42A3-9474-1A3956D46DE8}") = "UnitTests", "UnitTests", "{E6C984A5-0BB1-4A2E-98A5-B32EEC46CCE9}"
EndProject
Project("{2150E333-8FDC-42A3-9474-1A3956D46DE8}") = "Client.UnitTests", "Client.UnitTests", "{141B9B3E-9D40-429F-A317-61869AACE653}"
EndProject
Project("{FAE04EC0-301F-11D3-BF4B-00C04F79EFBC}") = "Libraries.UnitTests", "UnitTests\Backend.UnitTests\Libraries.UnitTests\Libraries.UnitTests.csproj", "{B784A564-BBCF-4EE9-8961-E3EF2EAB32ED}"
EndProject
Project("{FAE04EC0-301F-11D3-BF4B-00C04F79EFBC}") = "Server.UnitTests", "UnitTests\Backend.UnitTests\Server.UnitTests\Server.UnitTests.csproj", "{75B31BA5-9CA8-428F-926F-305A52A23236}"
EndProject
Global
	GlobalSection(SolutionConfigurationPlatforms) = preSolution
		Debug|Any CPU = Debug|Any CPU
		Release|Any CPU = Release|Any CPU
	EndGlobalSection
	GlobalSection(ProjectConfigurationPlatforms) = postSolution
		{D7F2FD6F-9558-44D0-A44E-6F09A49C4CCD}.Debug|Any CPU.ActiveCfg = Debug|Any CPU
		{D7F2FD6F-9558-44D0-A44E-6F09A49C4CCD}.Debug|Any CPU.Build.0 = Debug|Any CPU
		{D7F2FD6F-9558-44D0-A44E-6F09A49C4CCD}.Release|Any CPU.ActiveCfg = Release|Any CPU
		{D7F2FD6F-9558-44D0-A44E-6F09A49C4CCD}.Release|Any CPU.Build.0 = Release|Any CPU
		{AEFE82E1-2B9E-48C5-B5F6-CD97CC4D8A52}.Debug|Any CPU.ActiveCfg = Debug|Any CPU
		{AEFE82E1-2B9E-48C5-B5F6-CD97CC4D8A52}.Debug|Any CPU.Build.0 = Debug|Any CPU
		{AEFE82E1-2B9E-48C5-B5F6-CD97CC4D8A52}.Release|Any CPU.ActiveCfg = Release|Any CPU
		{AEFE82E1-2B9E-48C5-B5F6-CD97CC4D8A52}.Release|Any CPU.Build.0 = Release|Any CPU
		{987EB738-3916-4540-BB4E-6AD912FA72B2}.Debug|Any CPU.ActiveCfg = Debug|Any CPU
		{987EB738-3916-4540-BB4E-6AD912FA72B2}.Debug|Any CPU.Build.0 = Debug|Any CPU
		{987EB738-3916-4540-BB4E-6AD912FA72B2}.Release|Any CPU.ActiveCfg = Release|Any CPU
		{987EB738-3916-4540-BB4E-6AD912FA72B2}.Release|Any CPU.Build.0 = Release|Any CPU
		{541AD107-4189-40FC-8FB5-3AE613C0A0A9}.Debug|Any CPU.ActiveCfg = Debug|Any CPU
		{541AD107-4189-40FC-8FB5-3AE613C0A0A9}.Debug|Any CPU.Build.0 = Debug|Any CPU
		{541AD107-4189-40FC-8FB5-3AE613C0A0A9}.Debug|Any CPU.Deploy.0 = Debug|Any CPU
		{541AD107-4189-40FC-8FB5-3AE613C0A0A9}.Release|Any CPU.ActiveCfg = Release|Any CPU
		{541AD107-4189-40FC-8FB5-3AE613C0A0A9}.Release|Any CPU.Build.0 = Release|Any CPU
		{541AD107-4189-40FC-8FB5-3AE613C0A0A9}.Release|Any CPU.Deploy.0 = Release|Any CPU
		{88B4BFED-6FE7-41F0-B73B-C31E715305DE}.Debug|Any CPU.ActiveCfg = Debug|Any CPU
		{88B4BFED-6FE7-41F0-B73B-C31E715305DE}.Debug|Any CPU.Build.0 = Debug|Any CPU
		{88B4BFED-6FE7-41F0-B73B-C31E715305DE}.Release|Any CPU.ActiveCfg = Release|Any CPU
		{88B4BFED-6FE7-41F0-B73B-C31E715305DE}.Release|Any CPU.Build.0 = Release|Any CPU
		{B784A564-BBCF-4EE9-8961-E3EF2EAB32ED}.Debug|Any CPU.ActiveCfg = Debug|Any CPU
		{B784A564-BBCF-4EE9-8961-E3EF2EAB32ED}.Debug|Any CPU.Build.0 = Debug|Any CPU
		{B784A564-BBCF-4EE9-8961-E3EF2EAB32ED}.Release|Any CPU.ActiveCfg = Release|Any CPU
		{B784A564-BBCF-4EE9-8961-E3EF2EAB32ED}.Release|Any CPU.Build.0 = Release|Any CPU
		{75B31BA5-9CA8-428F-926F-305A52A23236}.Debug|Any CPU.ActiveCfg = Debug|Any CPU
		{75B31BA5-9CA8-428F-926F-305A52A23236}.Debug|Any CPU.Build.0 = Debug|Any CPU
		{75B31BA5-9CA8-428F-926F-305A52A23236}.Release|Any CPU.ActiveCfg = Release|Any CPU
		{75B31BA5-9CA8-428F-926F-305A52A23236}.Release|Any CPU.Build.0 = Release|Any CPU
	EndGlobalSection
	GlobalSection(SolutionProperties) = preSolution
		HideSolutionNode = FALSE
	EndGlobalSection
	GlobalSection(NestedProjects) = preSolution
		{D7F2FD6F-9558-44D0-A44E-6F09A49C4CCD} = {E2753C9D-9654-4FFD-9882-B59166B3CCBD}
		{AEFE82E1-2B9E-48C5-B5F6-CD97CC4D8A52} = {82588E82-1FE2-450E-BAB3-440FC69D211C}
		{541AD107-4189-40FC-8FB5-3AE613C0A0A9} = {82588E82-1FE2-450E-BAB3-440FC69D211C}
		{4C5C5EF3-6D54-4533-A6DB-28D5817E7747} = {E6C984A5-0BB1-4A2E-98A5-B32EEC46CCE9}
		{141B9B3E-9D40-429F-A317-61869AACE653} = {E6C984A5-0BB1-4A2E-98A5-B32EEC46CCE9}
		{B784A564-BBCF-4EE9-8961-E3EF2EAB32ED} = {4C5C5EF3-6D54-4533-A6DB-28D5817E7747}
		{75B31BA5-9CA8-428F-926F-305A52A23236} = {4C5C5EF3-6D54-4533-A6DB-28D5817E7747}
	EndGlobalSection
	GlobalSection(ExtensibilityGlobals) = postSolution
		SolutionGuid = {63759CEB-4546-49D0-A294-5A67F59A1312}
	EndGlobalSection
EndGlobal
